
Microsoft Visual Studio Solution File, Format Version 12.00
# Visual Studio 15
VisualStudioVersion = 15.0.28307.1500
MinimumVisualStudioVersion = 10.0.40219.1
Project("{FAE04EC0-301F-11D3-BF4B-00C04F79EFBC}") = "Uri_1065", "Uri_1065\Uri_1065.csproj", "{AC84AD13-DC8E-433C-8C48-A47E692DFEA5}"
EndProject
Global
	GlobalSection(SolutionConfigurationPlatforms) = preSolution
		Debug|Any CPU = Debug|Any CPU
		Release|Any CPU = Release|Any CPU
	EndGlobalSection
	GlobalSection(ProjectConfigurationPlatforms) = postSolution
		{AC84AD13-DC8E-433C-8C48-A47E692DFEA5}.Debug|Any CPU.ActiveCfg = Debug|Any CPU
		{AC84AD13-DC8E-433C-8C48-A47E692DFEA5}.Debug|Any CPU.Build.0 = Debug|Any CPU
		{AC84AD13-DC8E-433C-8C48-A47E692DFEA5}.Release|Any CPU.ActiveCfg = Release|Any CPU
		{AC84AD13-DC8E-433C-8C48-A47E692DFEA5}.Release|Any CPU.Build.0 = Release|Any CPU
	EndGlobalSection
	GlobalSection(SolutionProperties) = preSolution
		HideSolutionNode = FALSE
	EndGlobalSection
	GlobalSection(ExtensibilityGlobals) = postSolution
		SolutionGuid = {C2C93DD3-84FB-44BD-860F-1468E701DC13}
	EndGlobalSection
EndGlobal
